// !$*UTF8*$!
{
	archiveVersion = 1;
	classes = {
	};
	objectVersion = 48;
	objects = {

/* Begin PBXBuildFile section */
		CC2857E3200CE9AD0036EC34 /* social-facebook-icon.png in Resources */ = {isa = PBXBuildFile; fileRef = CC2857E2200CE9AD0036EC34 /* social-facebook-icon.png */; };
		CC654EC91FF217C9009C5C97 /* LoginKit in Resources */ = {isa = PBXBuildFile; fileRef = CC654EC81FF217C9009C5C97 /* LoginKit */; };
		CCD422D01FEF9BEF00C7A938 /* MainVC.swift in Sources */ = {isa = PBXBuildFile; fileRef = CCD422CF1FEF9BEF00C7A938 /* MainVC.swift */; };
		CCE89BAF1FC5C87B00609E3A /* AppDelegate.swift in Sources */ = {isa = PBXBuildFile; fileRef = CCE89BAE1FC5C87B00609E3A /* AppDelegate.swift */; };
		CCE89BB11FC5C87B00609E3A /* LoginVC.swift in Sources */ = {isa = PBXBuildFile; fileRef = CCE89BB01FC5C87B00609E3A /* LoginVC.swift */; };
		CCE89BB41FC5C87B00609E3A /* Main.storyboard in Resources */ = {isa = PBXBuildFile; fileRef = CCE89BB21FC5C87B00609E3A /* Main.storyboard */; };
		CCE89BB61FC5C87B00609E3A /* Assets.xcassets in Resources */ = {isa = PBXBuildFile; fileRef = CCE89BB51FC5C87B00609E3A /* Assets.xcassets */; };
		CCE89BB91FC5C87B00609E3A /* LaunchScreen.storyboard in Resources */ = {isa = PBXBuildFile; fileRef = CCE89BB71FC5C87B00609E3A /* LaunchScreen.storyboard */; };
		CCE89BC41FC5C87B00609E3A /* CheckingAttendanceSystemTests.swift in Sources */ = {isa = PBXBuildFile; fileRef = CCE89BC31FC5C87B00609E3A /* CheckingAttendanceSystemTests.swift */; };
		CCE89BCF1FC5C87B00609E3A /* CheckingAttendanceSystemUITests.swift in Sources */ = {isa = PBXBuildFile; fileRef = CCE89BCE1FC5C87B00609E3A /* CheckingAttendanceSystemUITests.swift */; };
		CCE89BE01FC5CFFB00609E3A /* logo-khtn.png in Resources */ = {isa = PBXBuildFile; fileRef = CCE89BDD1FC5CFFB00609E3A /* logo-khtn.png */; };
		CCE89BE11FC5CFFB00609E3A /* download.png in Resources */ = {isa = PBXBuildFile; fileRef = CCE89BDE1FC5CFFB00609E3A /* download.png */; };
		CCE89BE21FC5CFFB00609E3A /* iteclogo_200.jpg in Resources */ = {isa = PBXBuildFile; fileRef = CCE89BDF1FC5CFFB00609E3A /* iteclogo_200.jpg */; };
		CCE89BE51FC5DEDE00609E3A /* loading.png in Resources */ = {isa = PBXBuildFile; fileRef = CCE89BE31FC5DEDE00609E3A /* loading.png */; };
		CCE89BE61FC5DEDE00609E3A /* appicon.png in Resources */ = {isa = PBXBuildFile; fileRef = CCE89BE41FC5DEDE00609E3A /* appicon.png */; };
/* End PBXBuildFile section */

/* Begin PBXContainerItemProxy section */
		CCE89BC01FC5C87B00609E3A /* PBXContainerItemProxy */ = {
			isa = PBXContainerItemProxy;
			containerPortal = CCE89BA31FC5C87B00609E3A /* Project object */;
			proxyType = 1;
			remoteGlobalIDString = CCE89BAA1FC5C87B00609E3A;
			remoteInfo = CheckingAttendanceSystem;
		};
		CCE89BCB1FC5C87B00609E3A /* PBXContainerItemProxy */ = {
			isa = PBXContainerItemProxy;
			containerPortal = CCE89BA31FC5C87B00609E3A /* Project object */;
			proxyType = 1;
			remoteGlobalIDString = CCE89BAA1FC5C87B00609E3A;
			remoteInfo = CheckingAttendanceSystem;
		};
/* End PBXContainerItemProxy section */

/* Begin PBXFileReference section */
		CC2857E2200CE9AD0036EC34 /* social-facebook-icon.png */ = {isa = PBXFileReference; lastKnownFileType = image.png; path = "social-facebook-icon.png"; sourceTree = "<group>"; };
		CC654EC81FF217C9009C5C97 /* LoginKit */ = {isa = PBXFileReference; lastKnownFileType = folder; path = LoginKit; sourceTree = "<group>"; };
		CCD422CF1FEF9BEF00C7A938 /* MainVC.swift */ = {isa = PBXFileReference; lastKnownFileType = sourcecode.swift; path = MainVC.swift; sourceTree = "<group>"; };
		CCE89BAB1FC5C87B00609E3A /* CheckingAttendanceSystem.app */ = {isa = PBXFileReference; explicitFileType = wrapper.application; includeInIndex = 0; path = CheckingAttendanceSystem.app; sourceTree = BUILT_PRODUCTS_DIR; };
		CCE89BAE1FC5C87B00609E3A /* AppDelegate.swift */ = {isa = PBXFileReference; lastKnownFileType = sourcecode.swift; path = AppDelegate.swift; sourceTree = "<group>"; };
		CCE89BB01FC5C87B00609E3A /* LoginVC.swift */ = {isa = PBXFileReference; lastKnownFileType = sourcecode.swift; path = LoginVC.swift; sourceTree = "<group>"; };
		CCE89BB31FC5C87B00609E3A /* Base */ = {isa = PBXFileReference; lastKnownFileType = file.storyboard; name = Base; path = Base.lproj/Main.storyboard; sourceTree = "<group>"; };
		CCE89BB51FC5C87B00609E3A /* Assets.xcassets */ = {isa = PBXFileReference; lastKnownFileType = folder.assetcatalog; path = Assets.xcassets; sourceTree = "<group>"; };
		CCE89BB81FC5C87B00609E3A /* Base */ = {isa = PBXFileReference; lastKnownFileType = file.storyboard; name = Base; path = Base.lproj/LaunchScreen.storyboard; sourceTree = "<group>"; };
		CCE89BBA1FC5C87B00609E3A /* Info.plist */ = {isa = PBXFileReference; lastKnownFileType = text.plist.xml; path = Info.plist; sourceTree = "<group>"; };
		CCE89BBF1FC5C87B00609E3A /* CheckingAttendanceSystemTests.xctest */ = {isa = PBXFileReference; explicitFileType = wrapper.cfbundle; includeInIndex = 0; path = CheckingAttendanceSystemTests.xctest; sourceTree = BUILT_PRODUCTS_DIR; };
		CCE89BC31FC5C87B00609E3A /* CheckingAttendanceSystemTests.swift */ = {isa = PBXFileReference; lastKnownFileType = sourcecode.swift; path = CheckingAttendanceSystemTests.swift; sourceTree = "<group>"; };
		CCE89BC51FC5C87B00609E3A /* Info.plist */ = {isa = PBXFileReference; lastKnownFileType = text.plist.xml; path = Info.plist; sourceTree = "<group>"; };
		CCE89BCA1FC5C87B00609E3A /* CheckingAttendanceSystemUITests.xctest */ = {isa = PBXFileReference; explicitFileType = wrapper.cfbundle; includeInIndex = 0; path = CheckingAttendanceSystemUITests.xctest; sourceTree = BUILT_PRODUCTS_DIR; };
		CCE89BCE1FC5C87B00609E3A /* CheckingAttendanceSystemUITests.swift */ = {isa = PBXFileReference; lastKnownFileType = sourcecode.swift; path = CheckingAttendanceSystemUITests.swift; sourceTree = "<group>"; };
		CCE89BD01FC5C87B00609E3A /* Info.plist */ = {isa = PBXFileReference; lastKnownFileType = text.plist.xml; path = Info.plist; sourceTree = "<group>"; };
		CCE89BDD1FC5CFFB00609E3A /* logo-khtn.png */ = {isa = PBXFileReference; lastKnownFileType = image.png; path = "logo-khtn.png"; sourceTree = SOURCE_ROOT; };
		CCE89BDE1FC5CFFB00609E3A /* download.png */ = {isa = PBXFileReference; lastKnownFileType = image.png; path = download.png; sourceTree = SOURCE_ROOT; };
		CCE89BDF1FC5CFFB00609E3A /* iteclogo_200.jpg */ = {isa = PBXFileReference; lastKnownFileType = image.jpeg; path = iteclogo_200.jpg; sourceTree = SOURCE_ROOT; };
		CCE89BE31FC5DEDE00609E3A /* loading.png */ = {isa = PBXFileReference; lastKnownFileType = image.png; path = loading.png; sourceTree = SOURCE_ROOT; };
		CCE89BE41FC5DEDE00609E3A /* appicon.png */ = {isa = PBXFileReference; lastKnownFileType = image.png; path = appicon.png; sourceTree = SOURCE_ROOT; };
/* End PBXFileReference section */

/* Begin PBXFrameworksBuildPhase section */
		CCE89BA81FC5C87B00609E3A /* Frameworks */ = {
			isa = PBXFrameworksBuildPhase;
			buildActionMask = 2147483647;
			files = (
			);
			runOnlyForDeploymentPostprocessing = 0;
		};
		CCE89BBC1FC5C87B00609E3A /* Frameworks */ = {
			isa = PBXFrameworksBuildPhase;
			buildActionMask = 2147483647;
			files = (
			);
			runOnlyForDeploymentPostprocessing = 0;
		};
		CCE89BC71FC5C87B00609E3A /* Frameworks */ = {
			isa = PBXFrameworksBuildPhase;
			buildActionMask = 2147483647;
			files = (
			);
			runOnlyForDeploymentPostprocessing = 0;
		};
/* End PBXFrameworksBuildPhase section */

/* Begin PBXGroup section */
		CCE89BA21FC5C87B00609E3A = {
			isa = PBXGroup;
			children = (
				CC654EC81FF217C9009C5C97 /* LoginKit */,
				CCE89BDC1FC5CF5B00609E3A /* Images */,
				CCE89BAD1FC5C87B00609E3A /* CheckingAttendanceSystem */,
				CCE89BC21FC5C87B00609E3A /* CheckingAttendanceSystemTests */,
				CCE89BCD1FC5C87B00609E3A /* CheckingAttendanceSystemUITests */,
				CCE89BAC1FC5C87B00609E3A /* Products */,
			);
			sourceTree = "<group>";
		};
		CCE89BAC1FC5C87B00609E3A /* Products */ = {
			isa = PBXGroup;
			children = (
				CCE89BAB1FC5C87B00609E3A /* CheckingAttendanceSystem.app */,
				CCE89BBF1FC5C87B00609E3A /* CheckingAttendanceSystemTests.xctest */,
				CCE89BCA1FC5C87B00609E3A /* CheckingAttendanceSystemUITests.xctest */,
			);
			name = Products;
			sourceTree = "<group>";
		};
		CCE89BAD1FC5C87B00609E3A /* CheckingAttendanceSystem */ = {
			isa = PBXGroup;
			children = (
				CCE89BAE1FC5C87B00609E3A /* AppDelegate.swift */,
				CCE89BB01FC5C87B00609E3A /* LoginVC.swift */,
				CCE89BB21FC5C87B00609E3A /* Main.storyboard */,
				CCE89BB51FC5C87B00609E3A /* Assets.xcassets */,
				CCE89BB71FC5C87B00609E3A /* LaunchScreen.storyboard */,
				CCE89BBA1FC5C87B00609E3A /* Info.plist */,
				CCD422CF1FEF9BEF00C7A938 /* MainVC.swift */,
			);
			path = CheckingAttendanceSystem;
			sourceTree = "<group>";
		};
		CCE89BC21FC5C87B00609E3A /* CheckingAttendanceSystemTests */ = {
			isa = PBXGroup;
			children = (
				CCE89BC31FC5C87B00609E3A /* CheckingAttendanceSystemTests.swift */,
				CCE89BC51FC5C87B00609E3A /* Info.plist */,
			);
			path = CheckingAttendanceSystemTests;
			sourceTree = "<group>";
		};
		CCE89BCD1FC5C87B00609E3A /* CheckingAttendanceSystemUITests */ = {
			isa = PBXGroup;
			children = (
				CCE89BCE1FC5C87B00609E3A /* CheckingAttendanceSystemUITests.swift */,
				CCE89BD01FC5C87B00609E3A /* Info.plist */,
			);
			path = CheckingAttendanceSystemUITests;
			sourceTree = "<group>";
		};
		CCE89BDC1FC5CF5B00609E3A /* Images */ = {
			isa = PBXGroup;
			children = (
				CC2857E2200CE9AD0036EC34 /* social-facebook-icon.png */,
				CCE89BE41FC5DEDE00609E3A /* appicon.png */,
				CCE89BE31FC5DEDE00609E3A /* loading.png */,
				CCE89BDE1FC5CFFB00609E3A /* download.png */,
				CCE89BDF1FC5CFFB00609E3A /* iteclogo_200.jpg */,
				CCE89BDD1FC5CFFB00609E3A /* logo-khtn.png */,
			);
			path = Images;
			sourceTree = "<group>";
		};
/* End PBXGroup section */

/* Begin PBXNativeTarget section */
		CCE89BAA1FC5C87B00609E3A /* CheckingAttendanceSystem */ = {
			isa = PBXNativeTarget;
			buildConfigurationList = CCE89BD31FC5C87B00609E3A /* Build configuration list for PBXNativeTarget "CheckingAttendanceSystem" */;
			buildPhases = (
				CCE89BA71FC5C87B00609E3A /* Sources */,
				CCE89BA81FC5C87B00609E3A /* Frameworks */,
				CCE89BA91FC5C87B00609E3A /* Resources */,
			);
			buildRules = (
			);
			dependencies = (
			);
			name = CheckingAttendanceSystem;
			productName = CheckingAttendanceSystem;
			productReference = CCE89BAB1FC5C87B00609E3A /* CheckingAttendanceSystem.app */;
			productType = "com.apple.product-type.application";
		};
		CCE89BBE1FC5C87B00609E3A /* CheckingAttendanceSystemTests */ = {
			isa = PBXNativeTarget;
			buildConfigurationList = CCE89BD61FC5C87B00609E3A /* Build configuration list for PBXNativeTarget "CheckingAttendanceSystemTests" */;
			buildPhases = (
				CCE89BBB1FC5C87B00609E3A /* Sources */,
				CCE89BBC1FC5C87B00609E3A /* Frameworks */,
				CCE89BBD1FC5C87B00609E3A /* Resources */,
			);
			buildRules = (
			);
			dependencies = (
				CCE89BC11FC5C87B00609E3A /* PBXTargetDependency */,
			);
			name = CheckingAttendanceSystemTests;
			productName = CheckingAttendanceSystemTests;
			productReference = CCE89BBF1FC5C87B00609E3A /* CheckingAttendanceSystemTests.xctest */;
			productType = "com.apple.product-type.bundle.unit-test";
		};
		CCE89BC91FC5C87B00609E3A /* CheckingAttendanceSystemUITests */ = {
			isa = PBXNativeTarget;
			buildConfigurationList = CCE89BD91FC5C87B00609E3A /* Build configuration list for PBXNativeTarget "CheckingAttendanceSystemUITests" */;
			buildPhases = (
				CCE89BC61FC5C87B00609E3A /* Sources */,
				CCE89BC71FC5C87B00609E3A /* Frameworks */,
				CCE89BC81FC5C87B00609E3A /* Resources */,
			);
			buildRules = (
			);
			dependencies = (
				CCE89BCC1FC5C87B00609E3A /* PBXTargetDependency */,
			);
			name = CheckingAttendanceSystemUITests;
			productName = CheckingAttendanceSystemUITests;
			productReference = CCE89BCA1FC5C87B00609E3A /* CheckingAttendanceSystemUITests.xctest */;
			productType = "com.apple.product-type.bundle.ui-testing";
		};
/* End PBXNativeTarget section */

/* Begin PBXProject section */
		CCE89BA31FC5C87B00609E3A /* Project object */ = {
			isa = PBXProject;
			attributes = {
				LastSwiftUpdateCheck = 0900;
				LastUpgradeCheck = 0900;
				ORGANIZATIONNAME = "Lâm Trần Nguyễn Bảo";
				TargetAttributes = {
					CCE89BAA1FC5C87B00609E3A = {
						CreatedOnToolsVersion = 9.0.1;
						ProvisioningStyle = Automatic;
					};
					CCE89BBE1FC5C87B00609E3A = {
						CreatedOnToolsVersion = 9.0.1;
						ProvisioningStyle = Automatic;
						TestTargetID = CCE89BAA1FC5C87B00609E3A;
					};
					CCE89BC91FC5C87B00609E3A = {
						CreatedOnToolsVersion = 9.0.1;
						ProvisioningStyle = Automatic;
						TestTargetID = CCE89BAA1FC5C87B00609E3A;
					};
				};
			};
			buildConfigurationList = CCE89BA61FC5C87B00609E3A /* Build configuration list for PBXProject "CheckingAttendanceSystem" */;
			compatibilityVersion = "Xcode 8.0";
			developmentRegion = en;
			hasScannedForEncodings = 0;
			knownRegions = (
				en,
				Base,
			);
			mainGroup = CCE89BA21FC5C87B00609E3A;
			productRefGroup = CCE89BAC1FC5C87B00609E3A /* Products */;
			projectDirPath = "";
			projectRoot = "";
			targets = (
				CCE89BAA1FC5C87B00609E3A /* CheckingAttendanceSystem */,
				CCE89BBE1FC5C87B00609E3A /* CheckingAttendanceSystemTests */,
				CCE89BC91FC5C87B00609E3A /* CheckingAttendanceSystemUITests */,
			);
		};
/* End PBXProject section */

/* Begin PBXResourcesBuildPhase section */
		CCE89BA91FC5C87B00609E3A /* Resources */ = {
			isa = PBXResourcesBuildPhase;
			buildActionMask = 2147483647;
			files = (
				CCE89BE61FC5DEDE00609E3A /* appicon.png in Resources */,
				CCE89BB91FC5C87B00609E3A /* LaunchScreen.storyboard in Resources */,
				CCE89BE11FC5CFFB00609E3A /* download.png in Resources */,
				CCE89BE21FC5CFFB00609E3A /* iteclogo_200.jpg in Resources */,
				CCE89BB61FC5C87B00609E3A /* Assets.xcassets in Resources */,
				CC2857E3200CE9AD0036EC34 /* social-facebook-icon.png in Resources */,
				CCE89BB41FC5C87B00609E3A /* Main.storyboard in Resources */,
				CCE89BE01FC5CFFB00609E3A /* logo-khtn.png in Resources */,
				CCE89BE51FC5DEDE00609E3A /* loading.png in Resources */,
				CC654EC91FF217C9009C5C97 /* LoginKit in Resources */,
			);
			runOnlyForDeploymentPostprocessing = 0;
		};
		CCE89BBD1FC5C87B00609E3A /* Resources */ = {
			isa = PBXResourcesBuildPhase;
			buildActionMask = 2147483647;
			files = (
			);
			runOnlyForDeploymentPostprocessing = 0;
		};
		CCE89BC81FC5C87B00609E3A /* Resources */ = {
			isa = PBXResourcesBuildPhase;
			buildActionMask = 2147483647;
			files = (
			);
			runOnlyForDeploymentPostprocessing = 0;
		};
/* End PBXResourcesBuildPhase section */

/* Begin PBXSourcesBuildPhase section */
		CCE89BA71FC5C87B00609E3A /* Sources */ = {
			isa = PBXSourcesBuildPhase;
			buildActionMask = 2147483647;
			files = (
				CCE89BB11FC5C87B00609E3A /* LoginVC.swift in Sources */,
				CCD422D01FEF9BEF00C7A938 /* MainVC.swift in Sources */,
				CCE89BAF1FC5C87B00609E3A /* AppDelegate.swift in Sources */,
			);
			runOnlyForDeploymentPostprocessing = 0;
		};
		CCE89BBB1FC5C87B00609E3A /* Sources */ = {
			isa = PBXSourcesBuildPhase;
			buildActionMask = 2147483647;
			files = (
				CCE89BC41FC5C87B00609E3A /* CheckingAttendanceSystemTests.swift in Sources */,
			);
			runOnlyForDeploymentPostprocessing = 0;
		};
		CCE89BC61FC5C87B00609E3A /* Sources */ = {
			isa = PBXSourcesBuildPhase;
			buildActionMask = 2147483647;
			files = (
				CCE89BCF1FC5C87B00609E3A /* CheckingAttendanceSystemUITests.swift in Sources */,
			);
			runOnlyForDeploymentPostprocessing = 0;
		};
/* End PBXSourcesBuildPhase section */

/* Begin PBXTargetDependency section */
		CCE89BC11FC5C87B00609E3A /* PBXTargetDependency */ = {
			isa = PBXTargetDependency;
			target = CCE89BAA1FC5C87B00609E3A /* CheckingAttendanceSystem */;
			targetProxy = CCE89BC01FC5C87B00609E3A /* PBXContainerItemProxy */;
		};
		CCE89BCC1FC5C87B00609E3A /* PBXTargetDependency */ = {
			isa = PBXTargetDependency;
			target = CCE89BAA1FC5C87B00609E3A /* CheckingAttendanceSystem */;
			targetProxy = CCE89BCB1FC5C87B00609E3A /* PBXContainerItemProxy */;
		};
/* End PBXTargetDependency section */

/* Begin PBXVariantGroup section */
		CCE89BB21FC5C87B00609E3A /* Main.storyboard */ = {
			isa = PBXVariantGroup;
			children = (
				CCE89BB31FC5C87B00609E3A /* Base */,
			);
			name = Main.storyboard;
			sourceTree = "<group>";
		};
		CCE89BB71FC5C87B00609E3A /* LaunchScreen.storyboard */ = {
			isa = PBXVariantGroup;
			children = (
				CCE89BB81FC5C87B00609E3A /* Base */,
			);
			name = LaunchScreen.storyboard;
			sourceTree = "<group>";
		};
/* End PBXVariantGroup section */

/* Begin XCBuildConfiguration section */
		CCE89BD11FC5C87B00609E3A /* Debug */ = {
			isa = XCBuildConfiguration;
			buildSettings = {
				ALWAYS_SEARCH_USER_PATHS = NO;
				CLANG_ANALYZER_NONNULL = YES;
				CLANG_ANALYZER_NUMBER_OBJECT_CONVERSION = YES_AGGRESSIVE;
				CLANG_CXX_LANGUAGE_STANDARD = "gnu++14";
				CLANG_CXX_LIBRARY = "libc++";
				CLANG_ENABLE_MODULES = YES;
				CLANG_ENABLE_OBJC_ARC = YES;
				CLANG_WARN_BLOCK_CAPTURE_AUTORELEASING = YES;
				CLANG_WARN_BOOL_CONVERSION = YES;
				CLANG_WARN_COMMA = YES;
				CLANG_WARN_CONSTANT_CONVERSION = YES;
				CLANG_WARN_DIRECT_OBJC_ISA_USAGE = YES_ERROR;
				CLANG_WARN_DOCUMENTATION_COMMENTS = YES;
				CLANG_WARN_EMPTY_BODY = YES;
				CLANG_WARN_ENUM_CONVERSION = YES;
				CLANG_WARN_INFINITE_RECURSION = YES;
				CLANG_WARN_INT_CONVERSION = YES;
				CLANG_WARN_NON_LITERAL_NULL_CONVERSION = YES;
				CLANG_WARN_OBJC_LITERAL_CONVERSION = YES;
				CLANG_WARN_OBJC_ROOT_CLASS = YES_ERROR;
				CLANG_WARN_RANGE_LOOP_ANALYSIS = YES;
				CLANG_WARN_STRICT_PROTOTYPES = YES;
				CLANG_WARN_SUSPICIOUS_MOVE = YES;
				CLANG_WARN_UNGUARDED_AVAILABILITY = YES_AGGRESSIVE;
				CLANG_WARN_UNREACHABLE_CODE = YES;
				CLANG_WARN__DUPLICATE_METHOD_MATCH = YES;
				CODE_SIGN_IDENTITY = "iPhone Developer";
				COPY_PHASE_STRIP = NO;
				DEBUG_INFORMATION_FORMAT = dwarf;
				ENABLE_STRICT_OBJC_MSGSEND = YES;
				ENABLE_TESTABILITY = YES;
				GCC_C_LANGUAGE_STANDARD = gnu11;
				GCC_DYNAMIC_NO_PIC = NO;
				GCC_NO_COMMON_BLOCKS = YES;
				GCC_OPTIMIZATION_LEVEL = 0;
				GCC_PREPROCESSOR_DEFINITIONS = (
					"DEBUG=1",
					"$(inherited)",
				);
				GCC_WARN_64_TO_32_BIT_CONVERSION = YES;
				GCC_WARN_ABOUT_RETURN_TYPE = YES_ERROR;
				GCC_WARN_UNDECLARED_SELECTOR = YES;
				GCC_WARN_UNINITIALIZED_AUTOS = YES_AGGRESSIVE;
				GCC_WARN_UNUSED_FUNCTION = YES;
				GCC_WARN_UNUSED_VARIABLE = YES;
				IPHONEOS_DEPLOYMENT_TARGET = 11.0;
				MTL_ENABLE_DEBUG_INFO = YES;
				ONLY_ACTIVE_ARCH = YES;
				SDKROOT = iphoneos;
				SWIFT_ACTIVE_COMPILATION_CONDITIONS = DEBUG;
				SWIFT_OPTIMIZATION_LEVEL = "-Onone";
			};
			name = Debug;
		};
		CCE89BD21FC5C87B00609E3A /* Release */ = {
			isa = XCBuildConfiguration;
			buildSettings = {
				ALWAYS_SEARCH_USER_PATHS = NO;
				CLANG_ANALYZER_NONNULL = YES;
				CLANG_ANALYZER_NUMBER_OBJECT_CONVERSION = YES_AGGRESSIVE;
				CLANG_CXX_LANGUAGE_STANDARD = "gnu++14";
				CLANG_CXX_LIBRARY = "libc++";
				CLANG_ENABLE_MODULES = YES;
				CLANG_ENABLE_OBJC_ARC = YES;
				CLANG_WARN_BLOCK_CAPTURE_AUTORELEASING = YES;
				CLANG_WARN_BOOL_CONVERSION = YES;
				CLANG_WARN_COMMA = YES;
				CLANG_WARN_CONSTANT_CONVERSION = YES;
				CLANG_WARN_DIRECT_OBJC_ISA_USAGE = YES_ERROR;
				CLANG_WARN_DOCUMENTATION_COMMENTS = YES;
				CLANG_WARN_EMPTY_BODY = YES;
				CLANG_WARN_ENUM_CONVERSION = YES;
				CLANG_WARN_INFINITE_RECURSION = YES;
				CLANG_WARN_INT_CONVERSION = YES;
				CLANG_WARN_NON_LITERAL_NULL_CONVERSION = YES;
				CLANG_WARN_OBJC_LITERAL_CONVERSION = YES;
				CLANG_WARN_OBJC_ROOT_CLASS = YES_ERROR;
				CLANG_WARN_RANGE_LOOP_ANALYSIS = YES;
				CLANG_WARN_STRICT_PROTOTYPES = YES;
				CLANG_WARN_SUSPICIOUS_MOVE = YES;
				CLANG_WARN_UNGUARDED_AVAILABILITY = YES_AGGRESSIVE;
				CLANG_WARN_UNREACHABLE_CODE = YES;
				CLANG_WARN__DUPLICATE_METHOD_MATCH = YES;
				CODE_SIGN_IDENTITY = "iPhone Developer";
				COPY_PHASE_STRIP = NO;
				DEBUG_INFORMATION_FORMAT = "dwarf-with-dsym";
				ENABLE_NS_ASSERTIONS = NO;
				ENABLE_STRICT_OBJC_MSGSEND = YES;
				GCC_C_LANGUAGE_STANDARD = gnu11;
				GCC_NO_COMMON_BLOCKS = YES;
				GCC_WARN_64_TO_32_BIT_CONVERSION = YES;
				GCC_WARN_ABOUT_RETURN_TYPE = YES_ERROR;
				GCC_WARN_UNDECLARED_SELECTOR = YES;
				GCC_WARN_UNINITIALIZED_AUTOS = YES_AGGRESSIVE;
				GCC_WARN_UNUSED_FUNCTION = YES;
				GCC_WARN_UNUSED_VARIABLE = YES;
				IPHONEOS_DEPLOYMENT_TARGET = 11.0;
				MTL_ENABLE_DEBUG_INFO = NO;
				SDKROOT = iphoneos;
				SWIFT_OPTIMIZATION_LEVEL = "-Owholemodule";
				VALIDATE_PRODUCT = YES;
			};
			name = Release;
		};
		CCE89BD41FC5C87B00609E3A /* Debug */ = {
			isa = XCBuildConfiguration;
			buildSettings = {
				ASSETCATALOG_COMPILER_APPICON_NAME = AppIcon;
				CODE_SIGN_STYLE = Automatic;
				INFOPLIST_FILE = CheckingAttendanceSystem/Info.plist;
				LD_RUNPATH_SEARCH_PATHS = "$(inherited) @executable_path/Frameworks";
				PRODUCT_BUNDLE_IDENTIFIER = com.CheckingAttendanceSystem;
				PRODUCT_NAME = "$(TARGET_NAME)";
				SWIFT_VERSION = 4.0;
				TARGETED_DEVICE_FAMILY = "1,2";
			};
			name = Debug;
		};
		CCE89BD51FC5C87B00609E3A /* Release */ = {
			isa = XCBuildConfiguration;
			buildSettings = {
				ASSETCATALOG_COMPILER_APPICON_NAME = AppIcon;
				CODE_SIGN_STYLE = Automatic;
				INFOPLIST_FILE = CheckingAttendanceSystem/Info.plist;
				LD_RUNPATH_SEARCH_PATHS = "$(inherited) @executable_path/Frameworks";
				PRODUCT_BUNDLE_IDENTIFIER = com.CheckingAttendanceSystem;
				PRODUCT_NAME = "$(TARGET_NAME)";
				SWIFT_VERSION = 4.0;
				TARGETED_DEVICE_FAMILY = "1,2";
			};
			name = Release;
		};
		CCE89BD71FC5C87B00609E3A /* Debug */ = {
			isa = XCBuildConfiguration;
			buildSettings = {
				ALWAYS_EMBED_SWIFT_STANDARD_LIBRARIES = YES;
				BUNDLE_LOADER = "$(TEST_HOST)";
				CODE_SIGN_STYLE = Automatic;
				INFOPLIST_FILE = CheckingAttendanceSystemTests/Info.plist;
				LD_RUNPATH_SEARCH_PATHS = "$(inherited) @executable_path/Frameworks @loader_path/Frameworks";
				PRODUCT_BUNDLE_IDENTIFIER = com.CheckingAttendanceSystemTests;
				PRODUCT_NAME = "$(TARGET_NAME)";
				SWIFT_VERSION = 4.0;
				TARGETED_DEVICE_FAMILY = "1,2";
				TEST_HOST = "$(BUILT_PRODUCTS_DIR)/CheckingAttendanceSystem.app/CheckingAttendanceSystem";
			};
			name = Debug;
		};
		CCE89BD81FC5C87B00609E3A /* Release */ = {
			isa = XCBuildConfiguration;
			buildSettings = {
				ALWAYS_EMBED_SWIFT_STANDARD_LIBRARIES = YES;
				BUNDLE_LOADER = "$(TEST_HOST)";
				CODE_SIGN_STYLE = Automatic;
				INFOPLIST_FILE = CheckingAttendanceSystemTests/Info.plist;
				LD_RUNPATH_SEARCH_PATHS = "$(inherited) @executable_path/Frameworks @loader_path/Frameworks";
				PRODUCT_BUNDLE_IDENTIFIER = com.CheckingAttendanceSystemTests;
				PRODUCT_NAME = "$(TARGET_NAME)";
				SWIFT_VERSION = 4.0;
				TARGETED_DEVICE_FAMILY = "1,2";
				TEST_HOST = "$(BUILT_PRODUCTS_DIR)/CheckingAttendanceSystem.app/CheckingAttendanceSystem";
			};
			name = Release;
		};
		CCE89BDA1FC5C87B00609E3A /* Debug */ = {
			isa = XCBuildConfiguration;
			buildSettings = {
				ALWAYS_EMBED_SWIFT_STANDARD_LIBRARIES = YES;
				CODE_SIGN_STYLE = Automatic;
				INFOPLIST_FILE = CheckingAttendanceSystemUITests/Info.plist;
				LD_RUNPATH_SEARCH_PATHS = "$(inherited) @executable_path/Frameworks @loader_path/Frameworks";
				PRODUCT_BUNDLE_IDENTIFIER = com.CheckingAttendanceSystemUITests;
				PRODUCT_NAME = "$(TARGET_NAME)";
				SWIFT_VERSION = 4.0;
				TARGETED_DEVICE_FAMILY = "1,2";
				TEST_TARGET_NAME = CheckingAttendanceSystem;
			};
			name = Debug;
		};
		CCE89BDB1FC5C87B00609E3A /* Release */ = {
			isa = XCBuildConfiguration;
			buildSettings = {
				ALWAYS_EMBED_SWIFT_STANDARD_LIBRARIES = YES;
				CODE_SIGN_STYLE = Automatic;
				INFOPLIST_FILE = CheckingAttendanceSystemUITests/Info.plist;
				LD_RUNPATH_SEARCH_PATHS = "$(inherited) @executable_path/Frameworks @loader_path/Frameworks";
				PRODUCT_BUNDLE_IDENTIFIER = com.CheckingAttendanceSystemUITests;
				PRODUCT_NAME = "$(TARGET_NAME)";
				SWIFT_VERSION = 4.0;
				TARGETED_DEVICE_FAMILY = "1,2";
				TEST_TARGET_NAME = CheckingAttendanceSystem;
			};
			name = Release;
		};
/* End XCBuildConfiguration section */

/* Begin XCConfigurationList section */
		CCE89BA61FC5C87B00609E3A /* Build configuration list for PBXProject "CheckingAttendanceSystem" */ = {
			isa = XCConfigurationList;
			buildConfigurations = (
				CCE89BD11FC5C87B00609E3A /* Debug */,
				CCE89BD21FC5C87B00609E3A /* Release */,
			);
			defaultConfigurationIsVisible = 0;
			defaultConfigurationName = Release;
		};
		CCE89BD31FC5C87B00609E3A /* Build configuration list for PBXNativeTarget "CheckingAttendanceSystem" */ = {
			isa = XCConfigurationList;
			buildConfigurations = (
				CCE89BD41FC5C87B00609E3A /* Debug */,
				CCE89BD51FC5C87B00609E3A /* Release */,
			);
			defaultConfigurationIsVisible = 0;
			defaultConfigurationName = Release;
		};
		CCE89BD61FC5C87B00609E3A /* Build configuration list for PBXNativeTarget "CheckingAttendanceSystemTests" */ = {
			isa = XCConfigurationList;
			buildConfigurations = (
				CCE89BD71FC5C87B00609E3A /* Debug */,
				CCE89BD81FC5C87B00609E3A /* Release */,
			);
			defaultConfigurationIsVisible = 0;
			defaultConfigurationName = Release;
		};
		CCE89BD91FC5C87B00609E3A /* Build configuration list for PBXNativeTarget "CheckingAttendanceSystemUITests" */ = {
			isa = XCConfigurationList;
			buildConfigurations = (
				CCE89BDA1FC5C87B00609E3A /* Debug */,
				CCE89BDB1FC5C87B00609E3A /* Release */,
			);
			defaultConfigurationIsVisible = 0;
			defaultConfigurationName = Release;
		};
/* End XCConfigurationList section */
	};
	rootObject = CCE89BA31FC5C87B00609E3A /* Project object */;
}
